
Microsoft Visual Studio Solution File, Format Version 12.00
# Visual Studio Version 16
VisualStudioVersion = 16.0.31019.35
MinimumVisualStudioVersion = 10.0.40219.1
Project("{9A19103F-16F7-4668-BE54-9A1E7A4F7556}") = "CardsAgainstWhatever.Server", "Server\CardsAgainstWhatever.Server.csproj", "{DD6C2B05-ED12-47D8-AACB-B9B36DDEEA43}"
EndProject
Project("{9A19103F-16F7-4668-BE54-9A1E7A4F7556}") = "CardsAgainstWhatever.Client", "Client\CardsAgainstWhatever.Client.csproj", "{AE9CEA96-3BC3-44CC-AFA5-111DEADF703A}"
EndProject
Project("{9A19103F-16F7-4668-BE54-9A1E7A4F7556}") = "CardsAgainstWhatever.Shared", "Shared\CardsAgainstWhatever.Shared.csproj", "{8ECD954E-782A-4518-9FCC-5A1CDA577C01}"
EndProject
Project("{2150E333-8FDC-42A3-9474-1A3956D46DE8}") = "Solution Items", "Solution Items", "{C212750F-5C45-4CAF-972A-33B998E9AD7E}"
	ProjectSection(SolutionItems) = preProject
		TextFile1.txt = TextFile1.txt
	EndProjectSection
EndProject
Project("{2150E333-8FDC-42A3-9474-1A3956D46DE8}") = "src", "src", "{36810F4E-B9F4-42B5-AD67-7621ECDCD4AB}"
EndProject
Project("{2150E333-8FDC-42A3-9474-1A3956D46DE8}") = "tests", "tests", "{0A1902BA-F917-45E3-ABF9-2A0872B5B7AF}"
EndProject
Project("{9A19103F-16F7-4668-BE54-9A1E7A4F7556}") = "CardsAgainstWhatever.Server.Tests.Unit", "CardsAgainstWhatever.Server.Tests.Unit\CardsAgainstWhatever.Server.Tests.Unit.csproj", "{D93E39A3-3491-4C42-9C91-D531508A821F}"
EndProject
Global
	GlobalSection(SolutionConfigurationPlatforms) = preSolution
		Debug|Any CPU = Debug|Any CPU
		Release|Any CPU = Release|Any CPU
	EndGlobalSection
	GlobalSection(ProjectConfigurationPlatforms) = postSolution
		{DD6C2B05-ED12-47D8-AACB-B9B36DDEEA43}.Debug|Any CPU.ActiveCfg = Debug|Any CPU
		{DD6C2B05-ED12-47D8-AACB-B9B36DDEEA43}.Debug|Any CPU.Build.0 = Debug|Any CPU
		{DD6C2B05-ED12-47D8-AACB-B9B36DDEEA43}.Release|Any CPU.ActiveCfg = Release|Any CPU
		{DD6C2B05-ED12-47D8-AACB-B9B36DDEEA43}.Release|Any CPU.Build.0 = Release|Any CPU
		{AE9CEA96-3BC3-44CC-AFA5-111DEADF703A}.Debug|Any CPU.ActiveCfg = Debug|Any CPU
		{AE9CEA96-3BC3-44CC-AFA5-111DEADF703A}.Debug|Any CPU.Build.0 = Debug|Any CPU
		{AE9CEA96-3BC3-44CC-AFA5-111DEADF703A}.Release|Any CPU.ActiveCfg = Release|Any CPU
		{AE9CEA96-3BC3-44CC-AFA5-111DEADF703A}.Release|Any CPU.Build.0 = Release|Any CPU
		{8ECD954E-782A-4518-9FCC-5A1CDA577C01}.Debug|Any CPU.ActiveCfg = Debug|Any CPU
		{8ECD954E-782A-4518-9FCC-5A1CDA577C01}.Debug|Any CPU.Build.0 = Debug|Any CPU
		{8ECD954E-782A-4518-9FCC-5A1CDA577C01}.Release|Any CPU.ActiveCfg = Release|Any CPU
		{8ECD954E-782A-4518-9FCC-5A1CDA577C01}.Release|Any CPU.Build.0 = Release|Any CPU
		{D93E39A3-3491-4C42-9C91-D531508A821F}.Debug|Any CPU.ActiveCfg = Debug|Any CPU
		{D93E39A3-3491-4C42-9C91-D531508A821F}.Debug|Any CPU.Build.0 = Debug|Any CPU
		{D93E39A3-3491-4C42-9C91-D531508A821F}.Release|Any CPU.ActiveCfg = Release|Any CPU
		{D93E39A3-3491-4C42-9C91-D531508A821F}.Release|Any CPU.Build.0 = Release|Any CPU
	EndGlobalSection
	GlobalSection(SolutionProperties) = preSolution
		HideSolutionNode = FALSE
	EndGlobalSection
	GlobalSection(NestedProjects) = preSolution
		{DD6C2B05-ED12-47D8-AACB-B9B36DDEEA43} = {36810F4E-B9F4-42B5-AD67-7621ECDCD4AB}
		{AE9CEA96-3BC3-44CC-AFA5-111DEADF703A} = {36810F4E-B9F4-42B5-AD67-7621ECDCD4AB}
		{8ECD954E-782A-4518-9FCC-5A1CDA577C01} = {36810F4E-B9F4-42B5-AD67-7621ECDCD4AB}
		{D93E39A3-3491-4C42-9C91-D531508A821F} = {0A1902BA-F917-45E3-ABF9-2A0872B5B7AF}
	EndGlobalSection
	GlobalSection(ExtensibilityGlobals) = postSolution
		SolutionGuid = {7598C241-8E38-456E-86AE-B222A6A2E9AC}
	EndGlobalSection
EndGlobal
